
Microsoft Visual Studio Solution File, Format Version 12.00
# Visual Studio 2015
Project("{FAE04EC0-301F-11D3-BF4B-00C04F79EFBC}") = "StealthGame.CSharp.Plugins", "StealthGame.CSharp.Plugins.csproj", "{44DF954B-5354-B835-871C-7E5F1BA907D7}"
EndProject
Project("{FAE04EC0-301F-11D3-BF4B-00C04F79EFBC}") = "StealthGame.CSharp", "StealthGame.CSharp.csproj", "{38F1128E-2442-E23B-63BE-AD13A200EC50}"
EndProject
Project("{FAE04EC0-301F-11D3-BF4B-00C04F79EFBC}") = "StealthGame.CSharp.Editor", "StealthGame.CSharp.Editor.csproj", "{0909ADBE-1A73-BF0D-3363-C7DD9C5CA74B}"
EndProject
Global
	GlobalSection(SolutionConfigurationPlatforms) = preSolution
		Debug|Any CPU = Debug|Any CPU
		Release|Any CPU = Release|Any CPU
	EndGlobalSection
	GlobalSection(ProjectConfigurationPlatforms) = postSolution
		{44DF954B-5354-B835-871C-7E5F1BA907D7}.Debug|Any CPU.ActiveCfg = Debug|Any CPU
		{44DF954B-5354-B835-871C-7E5F1BA907D7}.Debug|Any CPU.Build.0 = Debug|Any CPU
		{44DF954B-5354-B835-871C-7E5F1BA907D7}.Release|Any CPU.ActiveCfg = Release|Any CPU
		{44DF954B-5354-B835-871C-7E5F1BA907D7}.Release|Any CPU.Build.0 = Release|Any CPU
		{38F1128E-2442-E23B-63BE-AD13A200EC50}.Debug|Any CPU.ActiveCfg = Debug|Any CPU
		{38F1128E-2442-E23B-63BE-AD13A200EC50}.Debug|Any CPU.Build.0 = Debug|Any CPU
		{38F1128E-2442-E23B-63BE-AD13A200EC50}.Release|Any CPU.ActiveCfg = Release|Any CPU
		{38F1128E-2442-E23B-63BE-AD13A200EC50}.Release|Any CPU.Build.0 = Release|Any CPU
		{0909ADBE-1A73-BF0D-3363-C7DD9C5CA74B}.Debug|Any CPU.ActiveCfg = Debug|Any CPU
		{0909ADBE-1A73-BF0D-3363-C7DD9C5CA74B}.Debug|Any CPU.Build.0 = Debug|Any CPU
		{0909ADBE-1A73-BF0D-3363-C7DD9C5CA74B}.Release|Any CPU.ActiveCfg = Release|Any CPU
		{0909ADBE-1A73-BF0D-3363-C7DD9C5CA74B}.Release|Any CPU.Build.0 = Release|Any CPU
	EndGlobalSection
	GlobalSection(SolutionProperties) = preSolution
		HideSolutionNode = FALSE
	EndGlobalSection
EndGlobal
